
Microsoft Visual Studio Solution File, Format Version 12.00
# Visual Studio 14
VisualStudioVersion = 14.0.25420.1
MinimumVisualStudioVersion = 10.0.40219.1
Project("{FAE04EC0-301F-11D3-BF4B-00C04F79EFBC}") = "Movietec.App", "Movietec.App\Movietec.App.csproj", "{E7629765-7D31-4F82-8A9A-824DF5065119}"
EndProject
Project("{FAE04EC0-301F-11D3-BF4B-00C04F79EFBC}") = "Movietec.Data", "Movietec.Data\Movietec.Data.csproj", "{755D7452-E24A-454F-816F-85BBEAEFFE4B}"
EndProject
Project("{FAE04EC0-301F-11D3-BF4B-00C04F79EFBC}") = "Movietec.Models", "Movietec.Models\Movietec.Models.csproj", "{E3064D0F-7562-4276-B05D-0D9A0F4BEBF5}"
EndProject
Global
	GlobalSection(SolutionConfigurationPlatforms) = preSolution
		Debug|Any CPU = Debug|Any CPU
		Release|Any CPU = Release|Any CPU
	EndGlobalSection
	GlobalSection(ProjectConfigurationPlatforms) = postSolution
		{E7629765-7D31-4F82-8A9A-824DF5065119}.Debug|Any CPU.ActiveCfg = Debug|Any CPU
		{E7629765-7D31-4F82-8A9A-824DF5065119}.Debug|Any CPU.Build.0 = Debug|Any CPU
		{E7629765-7D31-4F82-8A9A-824DF5065119}.Release|Any CPU.ActiveCfg = Release|Any CPU
		{E7629765-7D31-4F82-8A9A-824DF5065119}.Release|Any CPU.Build.0 = Release|Any CPU
		{755D7452-E24A-454F-816F-85BBEAEFFE4B}.Debug|Any CPU.ActiveCfg = Debug|Any CPU
		{755D7452-E24A-454F-816F-85BBEAEFFE4B}.Debug|Any CPU.Build.0 = Debug|Any CPU
		{755D7452-E24A-454F-816F-85BBEAEFFE4B}.Release|Any CPU.ActiveCfg = Release|Any CPU
		{755D7452-E24A-454F-816F-85BBEAEFFE4B}.Release|Any CPU.Build.0 = Release|Any CPU
		{E3064D0F-7562-4276-B05D-0D9A0F4BEBF5}.Debug|Any CPU.ActiveCfg = Debug|Any CPU
		{E3064D0F-7562-4276-B05D-0D9A0F4BEBF5}.Debug|Any CPU.Build.0 = Debug|Any CPU
		{E3064D0F-7562-4276-B05D-0D9A0F4BEBF5}.Release|Any CPU.ActiveCfg = Release|Any CPU
		{E3064D0F-7562-4276-B05D-0D9A0F4BEBF5}.Release|Any CPU.Build.0 = Release|Any CPU
	EndGlobalSection
	GlobalSection(SolutionProperties) = preSolution
		HideSolutionNode = FALSE
	EndGlobalSection
EndGlobal
